// !$*UTF8*$!
{
	archiveVersion = 1;
	classes = {
	};
	objectVersion = 46;
	objects = {

/* Begin PBXBuildFile section */
		17659FD313997FC8009DF548 /* UIKit.framework in Frameworks */ = {isa = PBXBuildFile; fileRef = 17659FD213997FC8009DF548 /* UIKit.framework */; };
		17659FD513997FC8009DF548 /* Foundation.framework in Frameworks */ = {isa = PBXBuildFile; fileRef = 17659FD413997FC8009DF548 /* Foundation.framework */; };
		17659FD713997FC8009DF548 /* CoreGraphics.framework in Frameworks */ = {isa = PBXBuildFile; fileRef = 17659FD613997FC8009DF548 /* CoreGraphics.framework */; };
		17659FDD13997FC8009DF548 /* InfoPlist.strings in Resources */ = {isa = PBXBuildFile; fileRef = 17659FDB13997FC8009DF548 /* InfoPlist.strings */; };
		17659FE013997FC8009DF548 /* main.m in Sources */ = {isa = PBXBuildFile; fileRef = 17659FDF13997FC8009DF548 /* main.m */; };
		17659FE313997FC8009DF548 /* MessageCarrierAppDelegate.m in Sources */ = {isa = PBXBuildFile; fileRef = 17659FE213997FC8009DF548 /* MessageCarrierAppDelegate.m */; };
		17659FE613997FC8009DF548 /* MainWindow.xib in Resources */ = {isa = PBXBuildFile; fileRef = 17659FE413997FC8009DF548 /* MainWindow.xib */; };
		17659FE913997FC8009DF548 /* MessageCarrierViewController.m in Sources */ = {isa = PBXBuildFile; fileRef = 17659FE813997FC8009DF548 /* MessageCarrierViewController.m */; };
		17659FEC13997FC8009DF548 /* MessageCarrierViewController.xib in Resources */ = {isa = PBXBuildFile; fileRef = 17659FEA13997FC8009DF548 /* MessageCarrierViewController.xib */; };
		17659FF313997FC8009DF548 /* UIKit.framework in Frameworks */ = {isa = PBXBuildFile; fileRef = 17659FD213997FC8009DF548 /* UIKit.framework */; };
		17659FF413997FC8009DF548 /* Foundation.framework in Frameworks */ = {isa = PBXBuildFile; fileRef = 17659FD413997FC8009DF548 /* Foundation.framework */; };
		17659FF513997FC8009DF548 /* CoreGraphics.framework in Frameworks */ = {isa = PBXBuildFile; fileRef = 17659FD613997FC8009DF548 /* CoreGraphics.framework */; };
		17659FFD13997FC8009DF548 /* InfoPlist.strings in Resources */ = {isa = PBXBuildFile; fileRef = 17659FFB13997FC8009DF548 /* InfoPlist.strings */; };
		1765A00013997FC8009DF548 /* MessageCarrierTests.h in Resources */ = {isa = PBXBuildFile; fileRef = 17659FFF13997FC8009DF548 /* MessageCarrierTests.h */; };
		1765A00213997FC9009DF548 /* MessageCarrierTests.m in Sources */ = {isa = PBXBuildFile; fileRef = 1765A00113997FC9009DF548 /* MessageCarrierTests.m */; };
		1765A0151399822F009DF548 /* NetworkManager.m in Sources */ = {isa = PBXBuildFile; fileRef = 1765A0141399822F009DF548 /* NetworkManager.m */; };
		1765A01B139985DB009DF548 /* GameKit.framework in Frameworks */ = {isa = PBXBuildFile; fileRef = 1765A01A139985DB009DF548 /* GameKit.framework */; };
		179717E01399D37800A5D3CA /* MessageCarrierAppDelegate+Application.m in Sources */ = {isa = PBXBuildFile; fileRef = 179717DF1399D37800A5D3CA /* MessageCarrierAppDelegate+Application.m */; };
		17AC01F813999C1100ABADAC /* CoreData.framework in Frameworks */ = {isa = PBXBuildFile; fileRef = 17AC01F713999C1100ABADAC /* CoreData.framework */; };
		377180E513998A9F00A9305D /* Model.xcdatamodeld in Sources */ = {isa = PBXBuildFile; fileRef = 377180E313998A9F00A9305D /* Model.xcdatamodeld */; };
		3785D82B1399A2FE00201B8D /* MessageCarrierAppDelegate+DataModel.m in Sources */ = {isa = PBXBuildFile; fileRef = 3785D82A1399A2FD00201B8D /* MessageCarrierAppDelegate+DataModel.m */; };
		3785D8371399AC4400201B8D /* MessageCarrierAppDelegate+Utility.m in Sources */ = {isa = PBXBuildFile; fileRef = 3785D8361399AC4400201B8D /* MessageCarrierAppDelegate+Utility.m */; };
		3785D8431399B4A300201B8D /* ServerInterfaceManager.m in Sources */ = {isa = PBXBuildFile; fileRef = 3785D8421399B4A300201B8D /* ServerInterfaceManager.m */; };
		37D8B6701399BC5100B3D0F5 /* OutOfBandMessage.m in Sources */ = {isa = PBXBuildFile; fileRef = 37D8B66F1399BC5100B3D0F5 /* OutOfBandMessage.m */; };
		37D8B68E1399C38500B3D0F5 /* NSObject+SBJson.m in Sources */ = {isa = PBXBuildFile; fileRef = 37D8B6761399C38500B3D0F5 /* NSObject+SBJson.m */; };
		37D8B68F1399C38500B3D0F5 /* SBJsonParser.m in Sources */ = {isa = PBXBuildFile; fileRef = 37D8B6791399C38500B3D0F5 /* SBJsonParser.m */; };
		37D8B6901399C38500B3D0F5 /* SBJsonStreamParser.m in Sources */ = {isa = PBXBuildFile; fileRef = 37D8B67B1399C38500B3D0F5 /* SBJsonStreamParser.m */; };
		37D8B6911399C38500B3D0F5 /* SBJsonStreamParserAccumulator.m in Sources */ = {isa = PBXBuildFile; fileRef = 37D8B67D1399C38500B3D0F5 /* SBJsonStreamParserAccumulator.m */; };
		37D8B6921399C38500B3D0F5 /* SBJsonStreamParserAdapter.m in Sources */ = {isa = PBXBuildFile; fileRef = 37D8B67F1399C38500B3D0F5 /* SBJsonStreamParserAdapter.m */; };
		37D8B6931399C38500B3D0F5 /* SBJsonStreamParserState.m in Sources */ = {isa = PBXBuildFile; fileRef = 37D8B6811399C38500B3D0F5 /* SBJsonStreamParserState.m */; };
		37D8B6941399C38500B3D0F5 /* SBJsonStreamWriter.m in Sources */ = {isa = PBXBuildFile; fileRef = 37D8B6831399C38500B3D0F5 /* SBJsonStreamWriter.m */; };
		37D8B6951399C38500B3D0F5 /* SBJsonStreamWriterAccumulator.m in Sources */ = {isa = PBXBuildFile; fileRef = 37D8B6851399C38500B3D0F5 /* SBJsonStreamWriterAccumulator.m */; };
		37D8B6961399C38500B3D0F5 /* SBJsonStreamWriterState.m in Sources */ = {isa = PBXBuildFile; fileRef = 37D8B6871399C38500B3D0F5 /* SBJsonStreamWriterState.m */; };
		37D8B6971399C38500B3D0F5 /* SBJsonTokeniser.m in Sources */ = {isa = PBXBuildFile; fileRef = 37D8B6891399C38500B3D0F5 /* SBJsonTokeniser.m */; };
		37D8B6981399C38500B3D0F5 /* SBJsonUTF8Stream.m in Sources */ = {isa = PBXBuildFile; fileRef = 37D8B68B1399C38500B3D0F5 /* SBJsonUTF8Stream.m */; };
		37D8B6991399C38500B3D0F5 /* SBJsonWriter.m in Sources */ = {isa = PBXBuildFile; fileRef = 37D8B68D1399C38500B3D0F5 /* SBJsonWriter.m */; };
		37D8B7081399CD2C00B3D0F5 /* MessageCarrierAppDelegate+Application.m in Sources */ = {isa = PBXBuildFile; fileRef = 37D8B7071399CD2C00B3D0F5 /* MessageCarrierAppDelegate+Application.m */; };
		6C74F9351399EC3300A2DB22 /* action-normal.png in Resources */ = {isa = PBXBuildFile; fileRef = 6C74F9331399EC3300A2DB22 /* action-normal.png */; };
		6C74F9361399EC3300A2DB22 /* action-pressed.png in Resources */ = {isa = PBXBuildFile; fileRef = 6C74F9341399EC3300A2DB22 /* action-pressed.png */; };
		6C74F93A1399F10B00A2DB22 /* AddressBook.framework in Frameworks */ = {isa = PBXBuildFile; fileRef = 6C74F9381399F10B00A2DB22 /* AddressBook.framework */; };
		6C74F93B1399F10B00A2DB22 /* AddressBookUI.framework in Frameworks */ = {isa = PBXBuildFile; fileRef = 6C74F9391399F10B00A2DB22 /* AddressBookUI.framework */; };
		6CED60FD1399E13B00103320 /* UITextViewWithPlaceholder.m in Sources */ = {isa = PBXBuildFile; fileRef = 6CED60FC1399E13B00103320 /* UITextViewWithPlaceholder.m */; };
		6CED61081399E6E000103320 /* 027-AddressBook@2x.png in Resources */ = {isa = PBXBuildFile; fileRef = 6CED61071399E6E000103320 /* 027-AddressBook@2x.png */; };
/* End PBXBuildFile section */

/* Begin PBXContainerItemProxy section */
		17659FF613997FC8009DF548 /* PBXContainerItemProxy */ = {
			isa = PBXContainerItemProxy;
			containerPortal = 17659FC513997FC8009DF548 /* Project object */;
			proxyType = 1;
			remoteGlobalIDString = 17659FCD13997FC8009DF548;
			remoteInfo = MessageCarrier;
		};
/* End PBXContainerItemProxy section */

/* Begin PBXFileReference section */
		17659FCE13997FC8009DF548 /* MessageCarrier.app */ = {isa = PBXFileReference; explicitFileType = wrapper.application; includeInIndex = 0; path = MessageCarrier.app; sourceTree = BUILT_PRODUCTS_DIR; };
		17659FD213997FC8009DF548 /* UIKit.framework */ = {isa = PBXFileReference; lastKnownFileType = wrapper.framework; name = UIKit.framework; path = System/Library/Frameworks/UIKit.framework; sourceTree = SDKROOT; };
		17659FD413997FC8009DF548 /* Foundation.framework */ = {isa = PBXFileReference; lastKnownFileType = wrapper.framework; name = Foundation.framework; path = System/Library/Frameworks/Foundation.framework; sourceTree = SDKROOT; };
		17659FD613997FC8009DF548 /* CoreGraphics.framework */ = {isa = PBXFileReference; lastKnownFileType = wrapper.framework; name = CoreGraphics.framework; path = System/Library/Frameworks/CoreGraphics.framework; sourceTree = SDKROOT; };
		17659FDA13997FC8009DF548 /* MessageCarrier-Info.plist */ = {isa = PBXFileReference; lastKnownFileType = text.plist.xml; path = "MessageCarrier-Info.plist"; sourceTree = "<group>"; };
		17659FDC13997FC8009DF548 /* en */ = {isa = PBXFileReference; lastKnownFileType = text.plist.strings; name = en; path = en.lproj/InfoPlist.strings; sourceTree = "<group>"; };
		17659FDE13997FC8009DF548 /* MessageCarrier-Prefix.pch */ = {isa = PBXFileReference; lastKnownFileType = sourcecode.c.h; path = "MessageCarrier-Prefix.pch"; sourceTree = "<group>"; };
		17659FDF13997FC8009DF548 /* main.m */ = {isa = PBXFileReference; lastKnownFileType = sourcecode.c.objc; path = main.m; sourceTree = "<group>"; };
		17659FE113997FC8009DF548 /* MessageCarrierAppDelegate.h */ = {isa = PBXFileReference; lastKnownFileType = sourcecode.c.h; path = MessageCarrierAppDelegate.h; sourceTree = "<group>"; };
		17659FE213997FC8009DF548 /* MessageCarrierAppDelegate.m */ = {isa = PBXFileReference; lastKnownFileType = sourcecode.c.objc; path = MessageCarrierAppDelegate.m; sourceTree = "<group>"; };
		17659FE513997FC8009DF548 /* en */ = {isa = PBXFileReference; lastKnownFileType = file.xib; name = en; path = en.lproj/MainWindow.xib; sourceTree = "<group>"; };
		17659FE713997FC8009DF548 /* MessageCarrierViewController.h */ = {isa = PBXFileReference; lastKnownFileType = sourcecode.c.h; path = MessageCarrierViewController.h; sourceTree = "<group>"; };
		17659FE813997FC8009DF548 /* MessageCarrierViewController.m */ = {isa = PBXFileReference; lastKnownFileType = sourcecode.c.objc; path = MessageCarrierViewController.m; sourceTree = "<group>"; };
		17659FEB13997FC8009DF548 /* en */ = {isa = PBXFileReference; lastKnownFileType = file.xib; name = en; path = en.lproj/MessageCarrierViewController.xib; sourceTree = "<group>"; };
		17659FF213997FC8009DF548 /* MessageCarrierTests.octest */ = {isa = PBXFileReference; explicitFileType = wrapper.cfbundle; includeInIndex = 0; path = MessageCarrierTests.octest; sourceTree = BUILT_PRODUCTS_DIR; };
		17659FFA13997FC8009DF548 /* MessageCarrierTests-Info.plist */ = {isa = PBXFileReference; lastKnownFileType = text.plist.xml; path = "MessageCarrierTests-Info.plist"; sourceTree = "<group>"; };
		17659FFC13997FC8009DF548 /* en */ = {isa = PBXFileReference; lastKnownFileType = text.plist.strings; name = en; path = en.lproj/InfoPlist.strings; sourceTree = "<group>"; };
		17659FFE13997FC8009DF548 /* MessageCarrierTests-Prefix.pch */ = {isa = PBXFileReference; lastKnownFileType = sourcecode.c.h; path = "MessageCarrierTests-Prefix.pch"; sourceTree = "<group>"; };
		17659FFF13997FC8009DF548 /* MessageCarrierTests.h */ = {isa = PBXFileReference; lastKnownFileType = sourcecode.c.h; path = MessageCarrierTests.h; sourceTree = "<group>"; };
		1765A00113997FC9009DF548 /* MessageCarrierTests.m */ = {isa = PBXFileReference; lastKnownFileType = sourcecode.c.objc; path = MessageCarrierTests.m; sourceTree = "<group>"; };
		1765A0131399822F009DF548 /* NetworkManager.h */ = {isa = PBXFileReference; fileEncoding = 4; lastKnownFileType = sourcecode.c.h; path = NetworkManager.h; sourceTree = "<group>"; };
		1765A0141399822F009DF548 /* NetworkManager.m */ = {isa = PBXFileReference; fileEncoding = 4; lastKnownFileType = sourcecode.c.objc; path = NetworkManager.m; sourceTree = "<group>"; };
		1765A01A139985DB009DF548 /* GameKit.framework */ = {isa = PBXFileReference; lastKnownFileType = wrapper.framework; name = GameKit.framework; path = System/Library/Frameworks/GameKit.framework; sourceTree = SDKROOT; };
		179717DE1399D37800A5D3CA /* MessageCarrierAppDelegate+Application.h */ = {isa = PBXFileReference; fileEncoding = 4; lastKnownFileType = sourcecode.c.h; path = "MessageCarrierAppDelegate+Application.h"; sourceTree = "<group>"; };
		179717DF1399D37800A5D3CA /* MessageCarrierAppDelegate+Application.m */ = {isa = PBXFileReference; fileEncoding = 4; lastKnownFileType = sourcecode.c.objc; path = "MessageCarrierAppDelegate+Application.m"; sourceTree = "<group>"; };
		17AC01F713999C1100ABADAC /* CoreData.framework */ = {isa = PBXFileReference; lastKnownFileType = wrapper.framework; name = CoreData.framework; path = System/Library/Frameworks/CoreData.framework; sourceTree = SDKROOT; };
		377180E413998A9F00A9305D /* Model.xcdatamodel */ = {isa = PBXFileReference; lastKnownFileType = wrapper.xcdatamodel; path = Model.xcdatamodel; sourceTree = "<group>"; };
		3785D8291399A2FD00201B8D /* MessageCarrierAppDelegate+DataModel.h */ = {isa = PBXFileReference; fileEncoding = 4; lastKnownFileType = sourcecode.c.h; path = "MessageCarrierAppDelegate+DataModel.h"; sourceTree = "<group>"; };
		3785D82A1399A2FD00201B8D /* MessageCarrierAppDelegate+DataModel.m */ = {isa = PBXFileReference; fileEncoding = 4; lastKnownFileType = sourcecode.c.objc; path = "MessageCarrierAppDelegate+DataModel.m"; sourceTree = "<group>"; };
		3785D8351399AC4400201B8D /* MessageCarrierAppDelegate+Utility.h */ = {isa = PBXFileReference; fileEncoding = 4; lastKnownFileType = sourcecode.c.h; path = "MessageCarrierAppDelegate+Utility.h"; sourceTree = "<group>"; };
		3785D8361399AC4400201B8D /* MessageCarrierAppDelegate+Utility.m */ = {isa = PBXFileReference; fileEncoding = 4; lastKnownFileType = sourcecode.c.objc; path = "MessageCarrierAppDelegate+Utility.m"; sourceTree = "<group>"; };
		3785D8411399B4A300201B8D /* ServerInterfaceManager.h */ = {isa = PBXFileReference; fileEncoding = 4; lastKnownFileType = sourcecode.c.h; path = ServerInterfaceManager.h; sourceTree = "<group>"; };
		3785D8421399B4A300201B8D /* ServerInterfaceManager.m */ = {isa = PBXFileReference; fileEncoding = 4; lastKnownFileType = sourcecode.c.objc; path = ServerInterfaceManager.m; sourceTree = "<group>"; };
		37D8B66E1399BC5100B3D0F5 /* OutOfBandMessage.h */ = {isa = PBXFileReference; fileEncoding = 4; lastKnownFileType = sourcecode.c.h; path = OutOfBandMessage.h; sourceTree = "<group>"; };
		37D8B66F1399BC5100B3D0F5 /* OutOfBandMessage.m */ = {isa = PBXFileReference; fileEncoding = 4; lastKnownFileType = sourcecode.c.objc; path = OutOfBandMessage.m; sourceTree = "<group>"; };
		37D8B6741399C38500B3D0F5 /* JSON.h */ = {isa = PBXFileReference; fileEncoding = 4; lastKnownFileType = sourcecode.c.h; path = JSON.h; sourceTree = "<group>"; };
		37D8B6751399C38500B3D0F5 /* NSObject+SBJson.h */ = {isa = PBXFileReference; fileEncoding = 4; lastKnownFileType = sourcecode.c.h; path = "NSObject+SBJson.h"; sourceTree = "<group>"; };
		37D8B6761399C38500B3D0F5 /* NSObject+SBJson.m */ = {isa = PBXFileReference; fileEncoding = 4; lastKnownFileType = sourcecode.c.objc; path = "NSObject+SBJson.m"; sourceTree = "<group>"; };
		37D8B6771399C38500B3D0F5 /* SBJson.h */ = {isa = PBXFileReference; fileEncoding = 4; lastKnownFileType = sourcecode.c.h; path = SBJson.h; sourceTree = "<group>"; };
		37D8B6781399C38500B3D0F5 /* SBJsonParser.h */ = {isa = PBXFileReference; fileEncoding = 4; lastKnownFileType = sourcecode.c.h; path = SBJsonParser.h; sourceTree = "<group>"; };
		37D8B6791399C38500B3D0F5 /* SBJsonParser.m */ = {isa = PBXFileReference; fileEncoding = 4; lastKnownFileType = sourcecode.c.objc; path = SBJsonParser.m; sourceTree = "<group>"; };
		37D8B67A1399C38500B3D0F5 /* SBJsonStreamParser.h */ = {isa = PBXFileReference; fileEncoding = 4; lastKnownFileType = sourcecode.c.h; path = SBJsonStreamParser.h; sourceTree = "<group>"; };
		37D8B67B1399C38500B3D0F5 /* SBJsonStreamParser.m */ = {isa = PBXFileReference; fileEncoding = 4; lastKnownFileType = sourcecode.c.objc; path = SBJsonStreamParser.m; sourceTree = "<group>"; };
		37D8B67C1399C38500B3D0F5 /* SBJsonStreamParserAccumulator.h */ = {isa = PBXFileReference; fileEncoding = 4; lastKnownFileType = sourcecode.c.h; path = SBJsonStreamParserAccumulator.h; sourceTree = "<group>"; };
		37D8B67D1399C38500B3D0F5 /* SBJsonStreamParserAccumulator.m */ = {isa = PBXFileReference; fileEncoding = 4; lastKnownFileType = sourcecode.c.objc; path = SBJsonStreamParserAccumulator.m; sourceTree = "<group>"; };
		37D8B67E1399C38500B3D0F5 /* SBJsonStreamParserAdapter.h */ = {isa = PBXFileReference; fileEncoding = 4; lastKnownFileType = sourcecode.c.h; path = SBJsonStreamParserAdapter.h; sourceTree = "<group>"; };
		37D8B67F1399C38500B3D0F5 /* SBJsonStreamParserAdapter.m */ = {isa = PBXFileReference; fileEncoding = 4; lastKnownFileType = sourcecode.c.objc; path = SBJsonStreamParserAdapter.m; sourceTree = "<group>"; };
		37D8B6801399C38500B3D0F5 /* SBJsonStreamParserState.h */ = {isa = PBXFileReference; fileEncoding = 4; lastKnownFileType = sourcecode.c.h; path = SBJsonStreamParserState.h; sourceTree = "<group>"; };
		37D8B6811399C38500B3D0F5 /* SBJsonStreamParserState.m */ = {isa = PBXFileReference; fileEncoding = 4; lastKnownFileType = sourcecode.c.objc; path = SBJsonStreamParserState.m; sourceTree = "<group>"; };
		37D8B6821399C38500B3D0F5 /* SBJsonStreamWriter.h */ = {isa = PBXFileReference; fileEncoding = 4; lastKnownFileType = sourcecode.c.h; path = SBJsonStreamWriter.h; sourceTree = "<group>"; };
		37D8B6831399C38500B3D0F5 /* SBJsonStreamWriter.m */ = {isa = PBXFileReference; fileEncoding = 4; lastKnownFileType = sourcecode.c.objc; path = SBJsonStreamWriter.m; sourceTree = "<group>"; };
		37D8B6841399C38500B3D0F5 /* SBJsonStreamWriterAccumulator.h */ = {isa = PBXFileReference; fileEncoding = 4; lastKnownFileType = sourcecode.c.h; path = SBJsonStreamWriterAccumulator.h; sourceTree = "<group>"; };
		37D8B6851399C38500B3D0F5 /* SBJsonStreamWriterAccumulator.m */ = {isa = PBXFileReference; fileEncoding = 4; lastKnownFileType = sourcecode.c.objc; path = SBJsonStreamWriterAccumulator.m; sourceTree = "<group>"; };
		37D8B6861399C38500B3D0F5 /* SBJsonStreamWriterState.h */ = {isa = PBXFileReference; fileEncoding = 4; lastKnownFileType = sourcecode.c.h; path = SBJsonStreamWriterState.h; sourceTree = "<group>"; };
		37D8B6871399C38500B3D0F5 /* SBJsonStreamWriterState.m */ = {isa = PBXFileReference; fileEncoding = 4; lastKnownFileType = sourcecode.c.objc; path = SBJsonStreamWriterState.m; sourceTree = "<group>"; };
		37D8B6881399C38500B3D0F5 /* SBJsonTokeniser.h */ = {isa = PBXFileReference; fileEncoding = 4; lastKnownFileType = sourcecode.c.h; path = SBJsonTokeniser.h; sourceTree = "<group>"; };
		37D8B6891399C38500B3D0F5 /* SBJsonTokeniser.m */ = {isa = PBXFileReference; fileEncoding = 4; lastKnownFileType = sourcecode.c.objc; path = SBJsonTokeniser.m; sourceTree = "<group>"; };
		37D8B68A1399C38500B3D0F5 /* SBJsonUTF8Stream.h */ = {isa = PBXFileReference; fileEncoding = 4; lastKnownFileType = sourcecode.c.h; path = SBJsonUTF8Stream.h; sourceTree = "<group>"; };
		37D8B68B1399C38500B3D0F5 /* SBJsonUTF8Stream.m */ = {isa = PBXFileReference; fileEncoding = 4; lastKnownFileType = sourcecode.c.objc; path = SBJsonUTF8Stream.m; sourceTree = "<group>"; };
		37D8B68C1399C38500B3D0F5 /* SBJsonWriter.h */ = {isa = PBXFileReference; fileEncoding = 4; lastKnownFileType = sourcecode.c.h; path = SBJsonWriter.h; sourceTree = "<group>"; };
		37D8B68D1399C38500B3D0F5 /* SBJsonWriter.m */ = {isa = PBXFileReference; fileEncoding = 4; lastKnownFileType = sourcecode.c.objc; path = SBJsonWriter.m; sourceTree = "<group>"; };
		37D8B7061399CD2B00B3D0F5 /* MessageCarrierAppDelegate+Application.h */ = {isa = PBXFileReference; fileEncoding = 4; lastKnownFileType = sourcecode.c.h; path = "MessageCarrierAppDelegate+Application.h"; sourceTree = "<group>"; };
		37D8B7071399CD2C00B3D0F5 /* MessageCarrierAppDelegate+Application.m */ = {isa = PBXFileReference; fileEncoding = 4; lastKnownFileType = sourcecode.c.objc; path = "MessageCarrierAppDelegate+Application.m"; sourceTree = "<group>"; };
		6C74F9331399EC3300A2DB22 /* action-normal.png */ = {isa = PBXFileReference; lastKnownFileType = image.png; path = "action-normal.png"; sourceTree = "<group>"; };
		6C74F9341399EC3300A2DB22 /* action-pressed.png */ = {isa = PBXFileReference; lastKnownFileType = image.png; path = "action-pressed.png"; sourceTree = "<group>"; };
		6C74F9381399F10B00A2DB22 /* AddressBook.framework */ = {isa = PBXFileReference; lastKnownFileType = wrapper.framework; name = AddressBook.framework; path = System/Library/Frameworks/AddressBook.framework; sourceTree = SDKROOT; };
		6C74F9391399F10B00A2DB22 /* AddressBookUI.framework */ = {isa = PBXFileReference; lastKnownFileType = wrapper.framework; name = AddressBookUI.framework; path = System/Library/Frameworks/AddressBookUI.framework; sourceTree = SDKROOT; };
		6CED60FB1399E13B00103320 /* UITextViewWithPlaceholder.h */ = {isa = PBXFileReference; fileEncoding = 4; lastKnownFileType = sourcecode.c.h; path = UITextViewWithPlaceholder.h; sourceTree = "<group>"; };
		6CED60FC1399E13B00103320 /* UITextViewWithPlaceholder.m */ = {isa = PBXFileReference; fileEncoding = 4; lastKnownFileType = sourcecode.c.objc; path = UITextViewWithPlaceholder.m; sourceTree = "<group>"; };
		6CED61071399E6E000103320 /* 027-AddressBook@2x.png */ = {isa = PBXFileReference; lastKnownFileType = image.png; path = "027-AddressBook@2x.png"; sourceTree = "<group>"; };
/* End PBXFileReference section */

/* Begin PBXFrameworksBuildPhase section */
		17659FCB13997FC8009DF548 /* Frameworks */ = {
			isa = PBXFrameworksBuildPhase;
			buildActionMask = 2147483647;
			files = (
				6C74F93A1399F10B00A2DB22 /* AddressBook.framework in Frameworks */,
				6C74F93B1399F10B00A2DB22 /* AddressBookUI.framework in Frameworks */,
				17AC01F813999C1100ABADAC /* CoreData.framework in Frameworks */,
				1765A01B139985DB009DF548 /* GameKit.framework in Frameworks */,
				17659FD313997FC8009DF548 /* UIKit.framework in Frameworks */,
				17659FD513997FC8009DF548 /* Foundation.framework in Frameworks */,
				17659FD713997FC8009DF548 /* CoreGraphics.framework in Frameworks */,
			);
			runOnlyForDeploymentPostprocessing = 0;
		};
		17659FEE13997FC8009DF548 /* Frameworks */ = {
			isa = PBXFrameworksBuildPhase;
			buildActionMask = 2147483647;
			files = (
				17659FF313997FC8009DF548 /* UIKit.framework in Frameworks */,
				17659FF413997FC8009DF548 /* Foundation.framework in Frameworks */,
				17659FF513997FC8009DF548 /* CoreGraphics.framework in Frameworks */,
			);
			runOnlyForDeploymentPostprocessing = 0;
		};
/* End PBXFrameworksBuildPhase section */

/* Begin PBXGroup section */
		17659FC313997FC8009DF548 = {
			isa = PBXGroup;
			children = (
				6C74F9381399F10B00A2DB22 /* AddressBook.framework */,
				6C74F9391399F10B00A2DB22 /* AddressBookUI.framework */,
				17AC01F713999C1100ABADAC /* CoreData.framework */,
				1765A01A139985DB009DF548 /* GameKit.framework */,
				17659FD813997FC8009DF548 /* MessageCarrier */,
				17659FF813997FC8009DF548 /* MessageCarrierTests */,
				17659FD113997FC8009DF548 /* Frameworks */,
				17659FCF13997FC8009DF548 /* Products */,
			);
			sourceTree = "<group>";
		};
		17659FCF13997FC8009DF548 /* Products */ = {
			isa = PBXGroup;
			children = (
				17659FCE13997FC8009DF548 /* MessageCarrier.app */,
				17659FF213997FC8009DF548 /* MessageCarrierTests.octest */,
			);
			name = Products;
			sourceTree = "<group>";
		};
		17659FD113997FC8009DF548 /* Frameworks */ = {
			isa = PBXGroup;
			children = (
				17659FD213997FC8009DF548 /* UIKit.framework */,
				17659FD413997FC8009DF548 /* Foundation.framework */,
				17659FD613997FC8009DF548 /* CoreGraphics.framework */,
			);
			name = Frameworks;
			sourceTree = "<group>";
		};
		17659FD813997FC8009DF548 /* MessageCarrier */ = {
			isa = PBXGroup;
			children = (
				6CED61091399E6ED00103320 /* Resources */,
				6CED60F91399E10C00103320 /* Helpers */,
				37D8B6731399C38500B3D0F5 /* JSON */,
				1765A0131399822F009DF548 /* NetworkManager.h */,
				1765A0141399822F009DF548 /* NetworkManager.m */,
				377180E313998A9F00A9305D /* Model.xcdatamodeld */,
				37D8B66E1399BC5100B3D0F5 /* OutOfBandMessage.h */,
				37D8B66F1399BC5100B3D0F5 /* OutOfBandMessage.m */,
				17659FE113997FC8009DF548 /* MessageCarrierAppDelegate.h */,
				179717DE1399D37800A5D3CA /* MessageCarrierAppDelegate+Application.h */,
				179717DF1399D37800A5D3CA /* MessageCarrierAppDelegate+Application.m */,
				17659FE213997FC8009DF548 /* MessageCarrierAppDelegate.m */,
				37D8B7061399CD2B00B3D0F5 /* MessageCarrierAppDelegate+Application.h */,
				37D8B7071399CD2C00B3D0F5 /* MessageCarrierAppDelegate+Application.m */,
				3785D8291399A2FD00201B8D /* MessageCarrierAppDelegate+DataModel.h */,
				3785D82A1399A2FD00201B8D /* MessageCarrierAppDelegate+DataModel.m */,
				3785D8351399AC4400201B8D /* MessageCarrierAppDelegate+Utility.h */,
				3785D8361399AC4400201B8D /* MessageCarrierAppDelegate+Utility.m */,
				17659FE413997FC8009DF548 /* MainWindow.xib */,
				17659FE713997FC8009DF548 /* MessageCarrierViewController.h */,
				17659FE813997FC8009DF548 /* MessageCarrierViewController.m */,
				17659FEA13997FC8009DF548 /* MessageCarrierViewController.xib */,
				3785D8411399B4A300201B8D /* ServerInterfaceManager.h */,
				3785D8421399B4A300201B8D /* ServerInterfaceManager.m */,
				17659FD913997FC8009DF548 /* Supporting Files */,
			);
			path = MessageCarrier;
			sourceTree = "<group>";
		};
		17659FD913997FC8009DF548 /* Supporting Files */ = {
			isa = PBXGroup;
			children = (
				17659FDA13997FC8009DF548 /* MessageCarrier-Info.plist */,
				17659FDB13997FC8009DF548 /* InfoPlist.strings */,
				17659FDE13997FC8009DF548 /* MessageCarrier-Prefix.pch */,
				17659FDF13997FC8009DF548 /* main.m */,
			);
			name = "Supporting Files";
			sourceTree = "<group>";
		};
		17659FF813997FC8009DF548 /* MessageCarrierTests */ = {
			isa = PBXGroup;
			children = (
				17659FFF13997FC8009DF548 /* MessageCarrierTests.h */,
				1765A00113997FC9009DF548 /* MessageCarrierTests.m */,
				17659FF913997FC8009DF548 /* Supporting Files */,
			);
			path = MessageCarrierTests;
			sourceTree = "<group>";
		};
		17659FF913997FC8009DF548 /* Supporting Files */ = {
			isa = PBXGroup;
			children = (
				17659FFA13997FC8009DF548 /* MessageCarrierTests-Info.plist */,
				17659FFB13997FC8009DF548 /* InfoPlist.strings */,
				17659FFE13997FC8009DF548 /* MessageCarrierTests-Prefix.pch */,
			);
			name = "Supporting Files";
			sourceTree = "<group>";
		};
		37D8B6731399C38500B3D0F5 /* JSON */ = {
			isa = PBXGroup;
			children = (
				37D8B6741399C38500B3D0F5 /* JSON.h */,
				37D8B6751399C38500B3D0F5 /* NSObject+SBJson.h */,
				37D8B6761399C38500B3D0F5 /* NSObject+SBJson.m */,
				37D8B6771399C38500B3D0F5 /* SBJson.h */,
				37D8B6781399C38500B3D0F5 /* SBJsonParser.h */,
				37D8B6791399C38500B3D0F5 /* SBJsonParser.m */,
				37D8B67A1399C38500B3D0F5 /* SBJsonStreamParser.h */,
				37D8B67B1399C38500B3D0F5 /* SBJsonStreamParser.m */,
				37D8B67C1399C38500B3D0F5 /* SBJsonStreamParserAccumulator.h */,
				37D8B67D1399C38500B3D0F5 /* SBJsonStreamParserAccumulator.m */,
				37D8B67E1399C38500B3D0F5 /* SBJsonStreamParserAdapter.h */,
				37D8B67F1399C38500B3D0F5 /* SBJsonStreamParserAdapter.m */,
				37D8B6801399C38500B3D0F5 /* SBJsonStreamParserState.h */,
				37D8B6811399C38500B3D0F5 /* SBJsonStreamParserState.m */,
				37D8B6821399C38500B3D0F5 /* SBJsonStreamWriter.h */,
				37D8B6831399C38500B3D0F5 /* SBJsonStreamWriter.m */,
				37D8B6841399C38500B3D0F5 /* SBJsonStreamWriterAccumulator.h */,
				37D8B6851399C38500B3D0F5 /* SBJsonStreamWriterAccumulator.m */,
				37D8B6861399C38500B3D0F5 /* SBJsonStreamWriterState.h */,
				37D8B6871399C38500B3D0F5 /* SBJsonStreamWriterState.m */,
				37D8B6881399C38500B3D0F5 /* SBJsonTokeniser.h */,
				37D8B6891399C38500B3D0F5 /* SBJsonTokeniser.m */,
				37D8B68A1399C38500B3D0F5 /* SBJsonUTF8Stream.h */,
				37D8B68B1399C38500B3D0F5 /* SBJsonUTF8Stream.m */,
				37D8B68C1399C38500B3D0F5 /* SBJsonWriter.h */,
				37D8B68D1399C38500B3D0F5 /* SBJsonWriter.m */,
			);
			path = JSON;
			sourceTree = "<group>";
		};
		6CED60F91399E10C00103320 /* Helpers */ = {
			isa = PBXGroup;
			children = (
				6CED60FB1399E13B00103320 /* UITextViewWithPlaceholder.h */,
				6CED60FC1399E13B00103320 /* UITextViewWithPlaceholder.m */,
			);
			name = Helpers;
			sourceTree = "<group>";
		};
		6CED61091399E6ED00103320 /* Resources */ = {
			isa = PBXGroup;
			children = (
				6C74F9331399EC3300A2DB22 /* action-normal.png */,
				6C74F9341399EC3300A2DB22 /* action-pressed.png */,
				6CED61071399E6E000103320 /* 027-AddressBook@2x.png */,
			);
			name = Resources;
			sourceTree = "<group>";
		};
/* End PBXGroup section */

/* Begin PBXNativeTarget section */
		17659FCD13997FC8009DF548 /* MessageCarrier */ = {
			isa = PBXNativeTarget;
			buildConfigurationList = 1765A00513997FC9009DF548 /* Build configuration list for PBXNativeTarget "MessageCarrier" */;
			buildPhases = (
				17659FCA13997FC8009DF548 /* Sources */,
				17659FCB13997FC8009DF548 /* Frameworks */,
				17659FCC13997FC8009DF548 /* Resources */,
			);
			buildRules = (
			);
			dependencies = (
			);
			name = MessageCarrier;
			productName = MessageCarrier;
			productReference = 17659FCE13997FC8009DF548 /* MessageCarrier.app */;
			productType = "com.apple.product-type.application";
		};
		17659FF113997FC8009DF548 /* MessageCarrierTests */ = {
			isa = PBXNativeTarget;
			buildConfigurationList = 1765A00813997FC9009DF548 /* Build configuration list for PBXNativeTarget "MessageCarrierTests" */;
			buildPhases = (
				17659FED13997FC8009DF548 /* Sources */,
				17659FEE13997FC8009DF548 /* Frameworks */,
				17659FEF13997FC8009DF548 /* Resources */,
				17659FF013997FC8009DF548 /* ShellScript */,
			);
			buildRules = (
			);
			dependencies = (
				17659FF713997FC8009DF548 /* PBXTargetDependency */,
			);
			name = MessageCarrierTests;
			productName = MessageCarrierTests;
			productReference = 17659FF213997FC8009DF548 /* MessageCarrierTests.octest */;
			productType = "com.apple.product-type.bundle";
		};
/* End PBXNativeTarget section */

/* Begin PBXProject section */
		17659FC513997FC8009DF548 /* Project object */ = {
			isa = PBXProject;
			buildConfigurationList = 17659FC813997FC8009DF548 /* Build configuration list for PBXProject "MessageCarrier" */;
			compatibilityVersion = "Xcode 3.2";
			developmentRegion = English;
			hasScannedForEncodings = 0;
			knownRegions = (
				en,
			);
			mainGroup = 17659FC313997FC8009DF548;
			productRefGroup = 17659FCF13997FC8009DF548 /* Products */;
			projectDirPath = "";
			projectRoot = "";
			targets = (
				17659FCD13997FC8009DF548 /* MessageCarrier */,
				17659FF113997FC8009DF548 /* MessageCarrierTests */,
			);
		};
/* End PBXProject section */

/* Begin PBXResourcesBuildPhase section */
		17659FCC13997FC8009DF548 /* Resources */ = {
			isa = PBXResourcesBuildPhase;
			buildActionMask = 2147483647;
			files = (
				17659FDD13997FC8009DF548 /* InfoPlist.strings in Resources */,
				17659FE613997FC8009DF548 /* MainWindow.xib in Resources */,
				17659FEC13997FC8009DF548 /* MessageCarrierViewController.xib in Resources */,
				6CED61081399E6E000103320 /* 027-AddressBook@2x.png in Resources */,
				6C74F9351399EC3300A2DB22 /* action-normal.png in Resources */,
				6C74F9361399EC3300A2DB22 /* action-pressed.png in Resources */,
			);
			runOnlyForDeploymentPostprocessing = 0;
		};
		17659FEF13997FC8009DF548 /* Resources */ = {
			isa = PBXResourcesBuildPhase;
			buildActionMask = 2147483647;
			files = (
				17659FFD13997FC8009DF548 /* InfoPlist.strings in Resources */,
				1765A00013997FC8009DF548 /* MessageCarrierTests.h in Resources */,
			);
			runOnlyForDeploymentPostprocessing = 0;
		};
/* End PBXResourcesBuildPhase section */

/* Begin PBXShellScriptBuildPhase section */
		17659FF013997FC8009DF548 /* ShellScript */ = {
			isa = PBXShellScriptBuildPhase;
			buildActionMask = 2147483647;
			files = (
			);
			inputPaths = (
			);
			outputPaths = (
			);
			runOnlyForDeploymentPostprocessing = 0;
			shellPath = /bin/sh;
			shellScript = "# Run the unit tests in this test bundle.\n\"${SYSTEM_DEVELOPER_DIR}/Tools/RunUnitTests\"\n";
		};
/* End PBXShellScriptBuildPhase section */

/* Begin PBXSourcesBuildPhase section */
		17659FCA13997FC8009DF548 /* Sources */ = {
			isa = PBXSourcesBuildPhase;
			buildActionMask = 2147483647;
			files = (
				17659FE013997FC8009DF548 /* main.m in Sources */,
				17659FE313997FC8009DF548 /* MessageCarrierAppDelegate.m in Sources */,
				17659FE913997FC8009DF548 /* MessageCarrierViewController.m in Sources */,
				1765A0151399822F009DF548 /* NetworkManager.m in Sources */,
				377180E513998A9F00A9305D /* Model.xcdatamodeld in Sources */,
				3785D82B1399A2FE00201B8D /* MessageCarrierAppDelegate+DataModel.m in Sources */,
				3785D8371399AC4400201B8D /* MessageCarrierAppDelegate+Utility.m in Sources */,
				179717E01399D37800A5D3CA /* MessageCarrierAppDelegate+Application.m in Sources */,
				3785D8431399B4A300201B8D /* ServerInterfaceManager.m in Sources */,
				37D8B6701399BC5100B3D0F5 /* OutOfBandMessage.m in Sources */,
				37D8B68E1399C38500B3D0F5 /* NSObject+SBJson.m in Sources */,
				37D8B68F1399C38500B3D0F5 /* SBJsonParser.m in Sources */,
				37D8B6901399C38500B3D0F5 /* SBJsonStreamParser.m in Sources */,
				37D8B6911399C38500B3D0F5 /* SBJsonStreamParserAccumulator.m in Sources */,
				37D8B6921399C38500B3D0F5 /* SBJsonStreamParserAdapter.m in Sources */,
				37D8B6931399C38500B3D0F5 /* SBJsonStreamParserState.m in Sources */,
				37D8B6941399C38500B3D0F5 /* SBJsonStreamWriter.m in Sources */,
				37D8B6951399C38500B3D0F5 /* SBJsonStreamWriterAccumulator.m in Sources */,
				37D8B6961399C38500B3D0F5 /* SBJsonStreamWriterState.m in Sources */,
				37D8B6971399C38500B3D0F5 /* SBJsonTokeniser.m in Sources */,
				37D8B6981399C38500B3D0F5 /* SBJsonUTF8Stream.m in Sources */,
				37D8B6991399C38500B3D0F5 /* SBJsonWriter.m in Sources */,
				37D8B7081399CD2C00B3D0F5 /* MessageCarrierAppDelegate+Application.m in Sources */,
				6CED60FD1399E13B00103320 /* UITextViewWithPlaceholder.m in Sources */,
			);
			runOnlyForDeploymentPostprocessing = 0;
		};
		17659FED13997FC8009DF548 /* Sources */ = {
			isa = PBXSourcesBuildPhase;
			buildActionMask = 2147483647;
			files = (
				1765A00213997FC9009DF548 /* MessageCarrierTests.m in Sources */,
			);
			runOnlyForDeploymentPostprocessing = 0;
		};
/* End PBXSourcesBuildPhase section */

/* Begin PBXTargetDependency section */
		17659FF713997FC8009DF548 /* PBXTargetDependency */ = {
			isa = PBXTargetDependency;
			target = 17659FCD13997FC8009DF548 /* MessageCarrier */;
			targetProxy = 17659FF613997FC8009DF548 /* PBXContainerItemProxy */;
		};
/* End PBXTargetDependency section */

/* Begin PBXVariantGroup section */
		17659FDB13997FC8009DF548 /* InfoPlist.strings */ = {
			isa = PBXVariantGroup;
			children = (
				17659FDC13997FC8009DF548 /* en */,
			);
			name = InfoPlist.strings;
			sourceTree = "<group>";
		};
		17659FE413997FC8009DF548 /* MainWindow.xib */ = {
			isa = PBXVariantGroup;
			children = (
				17659FE513997FC8009DF548 /* en */,
			);
			name = MainWindow.xib;
			sourceTree = "<group>";
		};
		17659FEA13997FC8009DF548 /* MessageCarrierViewController.xib */ = {
			isa = PBXVariantGroup;
			children = (
				17659FEB13997FC8009DF548 /* en */,
			);
			name = MessageCarrierViewController.xib;
			sourceTree = "<group>";
		};
		17659FFB13997FC8009DF548 /* InfoPlist.strings */ = {
			isa = PBXVariantGroup;
			children = (
				17659FFC13997FC8009DF548 /* en */,
			);
			name = InfoPlist.strings;
			sourceTree = "<group>";
		};
/* End PBXVariantGroup section */

/* Begin XCBuildConfiguration section */
		1765A00313997FC9009DF548 /* Debug */ = {
			isa = XCBuildConfiguration;
			buildSettings = {
				ARCHS = "$(ARCHS_STANDARD_32_BIT)";
				"CODE_SIGN_IDENTITY[sdk=iphoneos*]" = "iPhone Developer";
				GCC_C_LANGUAGE_STANDARD = gnu99;
				GCC_OPTIMIZATION_LEVEL = 0;
				GCC_PREPROCESSOR_DEFINITIONS = DEBUG;
				GCC_SYMBOLS_PRIVATE_EXTERN = NO;
				GCC_VERSION = com.apple.compilers.llvmgcc42;
				GCC_WARN_ABOUT_RETURN_TYPE = YES;
				GCC_WARN_UNUSED_VARIABLE = YES;
				IPHONEOS_DEPLOYMENT_TARGET = 4.3;
				SDKROOT = iphoneos;
			};
			name = Debug;
		};
		1765A00413997FC9009DF548 /* Release */ = {
			isa = XCBuildConfiguration;
			buildSettings = {
				ARCHS = "$(ARCHS_STANDARD_32_BIT)";
				"CODE_SIGN_IDENTITY[sdk=iphoneos*]" = "iPhone Developer";
				GCC_C_LANGUAGE_STANDARD = gnu99;
				GCC_VERSION = com.apple.compilers.llvmgcc42;
				GCC_WARN_ABOUT_RETURN_TYPE = YES;
				GCC_WARN_UNUSED_VARIABLE = YES;
				IPHONEOS_DEPLOYMENT_TARGET = 4.3;
				OTHER_CFLAGS = "-DNS_BLOCK_ASSERTIONS=1";
				SDKROOT = iphoneos;
			};
			name = Release;
		};
		1765A00613997FC9009DF548 /* Debug */ = {
			isa = XCBuildConfiguration;
			buildSettings = {
				ALWAYS_SEARCH_USER_PATHS = NO;
				COPY_PHASE_STRIP = NO;
				GCC_DYNAMIC_NO_PIC = NO;
				GCC_PRECOMPILE_PREFIX_HEADER = YES;
				GCC_PREFIX_HEADER = "MessageCarrier/MessageCarrier-Prefix.pch";
				INFOPLIST_FILE = "MessageCarrier/MessageCarrier-Info.plist";
				PRODUCT_NAME = "$(TARGET_NAME)";
				WRAPPER_EXTENSION = app;
			};
			name = Debug;
		};
		1765A00713997FC9009DF548 /* Release */ = {
			isa = XCBuildConfiguration;
			buildSettings = {
				ALWAYS_SEARCH_USER_PATHS = NO;
				COPY_PHASE_STRIP = YES;
				GCC_PRECOMPILE_PREFIX_HEADER = YES;
				GCC_PREFIX_HEADER = "MessageCarrier/MessageCarrier-Prefix.pch";
				INFOPLIST_FILE = "MessageCarrier/MessageCarrier-Info.plist";
				PRODUCT_NAME = "$(TARGET_NAME)";
				VALIDATE_PRODUCT = YES;
				WRAPPER_EXTENSION = app;
			};
			name = Release;
		};
		1765A00913997FC9009DF548 /* Debug */ = {
			isa = XCBuildConfiguration;
			buildSettings = {
				ALWAYS_SEARCH_USER_PATHS = NO;
				BUNDLE_LOADER = "$(BUILT_PRODUCTS_DIR)/MessageCarrier.app/MessageCarrier";
				FRAMEWORK_SEARCH_PATHS = (
					"$(SDKROOT)/Developer/Library/Frameworks",
					"$(DEVELOPER_LIBRARY_DIR)/Frameworks",
				);
				GCC_PRECOMPILE_PREFIX_HEADER = YES;
				GCC_PREFIX_HEADER = "MessageCarrierTests/MessageCarrierTests-Prefix.pch";
				INFOPLIST_FILE = "MessageCarrierTests/MessageCarrierTests-Info.plist";
				OTHER_LDFLAGS = (
					"-framework",
					SenTestingKit,
				);
				PRODUCT_NAME = "$(TARGET_NAME)";
				TEST_HOST = "$(BUNDLE_LOADER)";
				WRAPPER_EXTENSION = octest;
			};
			name = Debug;
		};
		1765A00A13997FC9009DF548 /* Release */ = {
			isa = XCBuildConfiguration;
			buildSettings = {
				ALWAYS_SEARCH_USER_PATHS = NO;
				BUNDLE_LOADER = "$(BUILT_PRODUCTS_DIR)/MessageCarrier.app/MessageCarrier";
				FRAMEWORK_SEARCH_PATHS = (
					"$(SDKROOT)/Developer/Library/Frameworks",
					"$(DEVELOPER_LIBRARY_DIR)/Frameworks",
				);
				GCC_PRECOMPILE_PREFIX_HEADER = YES;
				GCC_PREFIX_HEADER = "MessageCarrierTests/MessageCarrierTests-Prefix.pch";
				INFOPLIST_FILE = "MessageCarrierTests/MessageCarrierTests-Info.plist";
				OTHER_LDFLAGS = (
					"-framework",
					SenTestingKit,
				);
				PRODUCT_NAME = "$(TARGET_NAME)";
				TEST_HOST = "$(BUNDLE_LOADER)";
				WRAPPER_EXTENSION = octest;
			};
			name = Release;
		};
/* End XCBuildConfiguration section */

/* Begin XCConfigurationList section */
		17659FC813997FC8009DF548 /* Build configuration list for PBXProject "MessageCarrier" */ = {
			isa = XCConfigurationList;
			buildConfigurations = (
				1765A00313997FC9009DF548 /* Debug */,
				1765A00413997FC9009DF548 /* Release */,
			);
			defaultConfigurationIsVisible = 0;
			defaultConfigurationName = Release;
		};
		1765A00513997FC9009DF548 /* Build configuration list for PBXNativeTarget "MessageCarrier" */ = {
			isa = XCConfigurationList;
			buildConfigurations = (
				1765A00613997FC9009DF548 /* Debug */,
				1765A00713997FC9009DF548 /* Release */,
			);
			defaultConfigurationIsVisible = 0;
			defaultConfigurationName = Release;
		};
		1765A00813997FC9009DF548 /* Build configuration list for PBXNativeTarget "MessageCarrierTests" */ = {
			isa = XCConfigurationList;
			buildConfigurations = (
				1765A00913997FC9009DF548 /* Debug */,
				1765A00A13997FC9009DF548 /* Release */,
			);
			defaultConfigurationIsVisible = 0;
			defaultConfigurationName = Release;
		};
/* End XCConfigurationList section */

/* Begin XCVersionGroup section */
		377180E313998A9F00A9305D /* Model.xcdatamodeld */ = {
			isa = XCVersionGroup;
			children = (
				377180E413998A9F00A9305D /* Model.xcdatamodel */,
			);
			currentVersion = 377180E413998A9F00A9305D /* Model.xcdatamodel */;
			path = Model.xcdatamodeld;
			sourceTree = "<group>";
			versionGroupType = wrapper.xcdatamodel;
		};
/* End XCVersionGroup section */
	};
	rootObject = 17659FC513997FC8009DF548 /* Project object */;
}
